
Microsoft Visual Studio Solution File, Format Version 12.00
# Visual Studio 14
VisualStudioVersion = 14.0.25420.1
MinimumVisualStudioVersion = 10.0.40219.1
Project("{8BC9CEB8-8B4A-11D0-8D11-00A0C91BC942}") = "HW3", "HW3\HW3.vcxproj", "{93B85779-2BB8-4C5E-805D-2C689E3BC6D4}"
EndProject
Project("{8BC9CEB8-8B4A-11D0-8D11-00A0C91BC942}") = "UnitTester", "UnitTester\UnitTester.vcxproj", "{76B9A5D0-ABD3-49CD-88B6-2CF288928582}"
EndProject
Global
	GlobalSection(SolutionConfigurationPlatforms) = preSolution
		Debug|x64 = Debug|x64
		Debug|x86 = Debug|x86
		Release|x64 = Release|x64
		Release|x86 = Release|x86
	EndGlobalSection
	GlobalSection(ProjectConfigurationPlatforms) = postSolution
		{93B85779-2BB8-4C5E-805D-2C689E3BC6D4}.Debug|x64.ActiveCfg = Debug|x64
		{93B85779-2BB8-4C5E-805D-2C689E3BC6D4}.Debug|x64.Build.0 = Debug|x64
		{93B85779-2BB8-4C5E-805D-2C689E3BC6D4}.Debug|x86.ActiveCfg = Debug|Win32
		{93B85779-2BB8-4C5E-805D-2C689E3BC6D4}.Debug|x86.Build.0 = Debug|Win32
		{93B85779-2BB8-4C5E-805D-2C689E3BC6D4}.Release|x64.ActiveCfg = Release|x64
		{93B85779-2BB8-4C5E-805D-2C689E3BC6D4}.Release|x64.Build.0 = Release|x64
		{93B85779-2BB8-4C5E-805D-2C689E3BC6D4}.Release|x86.ActiveCfg = Release|Win32
		{93B85779-2BB8-4C5E-805D-2C689E3BC6D4}.Release|x86.Build.0 = Release|Win32
		{76B9A5D0-ABD3-49CD-88B6-2CF288928582}.Debug|x64.ActiveCfg = Debug|x64
		{76B9A5D0-ABD3-49CD-88B6-2CF288928582}.Debug|x64.Build.0 = Debug|x64
		{76B9A5D0-ABD3-49CD-88B6-2CF288928582}.Debug|x86.ActiveCfg = Debug|Win32
		{76B9A5D0-ABD3-49CD-88B6-2CF288928582}.Debug|x86.Build.0 = Debug|Win32
		{76B9A5D0-ABD3-49CD-88B6-2CF288928582}.Release|x64.ActiveCfg = Release|x64
		{76B9A5D0-ABD3-49CD-88B6-2CF288928582}.Release|x64.Build.0 = Release|x64
		{76B9A5D0-ABD3-49CD-88B6-2CF288928582}.Release|x86.ActiveCfg = Release|Win32
		{76B9A5D0-ABD3-49CD-88B6-2CF288928582}.Release|x86.Build.0 = Release|Win32
	EndGlobalSection
	GlobalSection(SolutionProperties) = preSolution
		HideSolutionNode = FALSE
	EndGlobalSection
EndGlobal
